{
  "version": 4,
  "terraform_version": "1.12.2",
  "serial": 3,
  "lineage": "89f8dd19-0d06-c806-984d-b66cbbf100ef",
  "outputs": {
    "files_created": {
      "value": {
        "backup_file": "mi-app-web-desarrollo-backup.conf",
        "config_file": "mi-app-web-desarrollo.conf"
      },
      "type": [
        "object",
        {
          "backup_file": "string",
          "config_file": "string"
        }
      ]
    }
  },
  "resources": [
    {
      "mode": "managed",
      "type": "local_file",
      "name": "backup",
      "provider": "provider[\"registry.terraform.io/hashicorp/local\"]",
      "instances": [
        {
          "index_key": 0,
          "schema_version": 0,
          "attributes": {
            "content": "Backup creado el 2025-07-14T16:58:46Z",
            "content_base64": null,
            "content_base64sha256": "4TWs+jdXyyyOd2sg0S6eQO4ynq9vW7uf6w+OKAG9ibU=",
            "content_base64sha512": "5RjaY9IexDD7TE0EmH0ASWNRI+oeKiV8rrP9q+bc9CRDjnwTCokNI5SWvryxDM9QnOn5GHz/U6aEKSJ2ec1iiw==",
            "content_md5": "463ad3edea24b486c1d16b8774a603a1",
            "content_sha1": "91161eb3e2971878d4a0db7f0dc9c4ce764c952c",
            "content_sha256": "e135acfa3757cb2c8e776b20d12e9e40ee329eaf6f5bbb9feb0f8e2801bd89b5",
            "content_sha512": "e518da63d21ec430fb4c4d04987d0049635123ea1e2a257caeb3fdabe6dcf424438e7c130a890d239496bebcb10ccf509ce9f9187cff53a68429227679cd628b",
            "directory_permission": "0777",
            "file_permission": "0777",
            "filename": "mi-app-web-desarrollo-backup.conf",
            "id": "91161eb3e2971878d4a0db7f0dc9c4ce764c952c",
            "sensitive_content": null,
            "source": null
          },
          "sensitive_attributes": [
            [
              {
                "type": "get_attr",
                "value": "sensitive_content"
              }
            ]
          ],
          "identity_schema_version": 0
        }
      ]
    },
    {
      "mode": "managed",
      "type": "local_file",
      "name": "config",
      "provider": "provider[\"registry.terraform.io/hashicorp/local\"]",
      "instances": [
        {
          "schema_version": 0,
          "attributes": {
            "content": "# Configuración del Proyecto\nProyecto: mi-app-web\nEntorno: desarrollo\nCreado: 2025-07-14T16:58:46Z\n\n# Configuraciones específicas del entorno\ndatabase_host = desarrollo-db.example.com\nlog_level = DEBUG",
            "content_base64": null,
            "content_base64sha256": "ojQ3K4ANQwMZgsxdJeJRJwG5QOY8lfE/Zkh4OgZtN80=",
            "content_base64sha512": "1Fbo+joy5GmQb/+acg/HB7w2lSWfRHWLijuERUmqjCfU+cFV8vjqNDtZ9VQ5g5BLLJTy5BbYEHpyzDAVtXqesw==",
            "content_md5": "dbcf66d88a73741856c4d00ba5e6fd13",
            "content_sha1": "082f9e3b7e712ae6bd8f364a344fbe6c0737249e",
            "content_sha256": "a234372b800d43031982cc5d25e2512701b940e63c95f13f6648783a066d37cd",
            "content_sha512": "d456e8fa3a32e469906fff9a720fc707bc3695259f44758b8a3b844549aa8c27d4f9c155f2f8ea343b59f5543983904b2c94f2e416d8107a72cc3015b57a9eb3",
            "directory_permission": "0777",
            "file_permission": "0777",
            "filename": "mi-app-web-desarrollo.conf",
            "id": "082f9e3b7e712ae6bd8f364a344fbe6c0737249e",
            "sensitive_content": null,
            "source": null
          },
          "sensitive_attributes": [
            [
              {
                "type": "get_attr",
                "value": "sensitive_content"
              }
            ]
          ],
          "identity_schema_version": 0
        }
      ]
    }
  ],
  "check_results": null
}
