{
  "version": 4,
  "terraform_version": "1.12.2",
  "serial": 3,
  "lineage": "f8ddf528-8ac3-9141-6587-829dbbed7df4",
  "outputs": {
    "environment_comparison": {
      "value": {
        "default": {
          "backup": false,
          "monitoring": false,
          "servers": 1,
          "size": "small"
        },
        "prod": {
          "backup": true,
          "monitoring": true,
          "servers": 3,
          "size": "large"
        },
        "staging": {
          "backup": true,
          "monitoring": true,
          "servers": 2,
          "size": "medium"
        }
      },
      "type": [
        "object",
        {
          "default": [
            "object",
            {
              "backup": "bool",
              "monitoring": "bool",
              "servers": "number",
              "size": "string"
            }
          ],
          "prod": [
            "object",
            {
              "backup": "bool",
              "monitoring": "bool",
              "servers": "number",
              "size": "string"
            }
          ],
          "staging": [
            "object",
            {
              "backup": "bool",
              "monitoring": "bool",
              "servers": "number",
              "size": "string"
            }
          ]
        }
      ]
    },
    "files_created": {
      "value": [
        "mi-aplicacion-default-config.json",
        "mi-aplicacion-default-RESUMEN.md",
        "mi-aplicacion-default-server-1.conf"
      ],
      "type": [
        "tuple",
        [
          "string",
          "string",
          "string"
        ]
      ]
    },
    "infrastructure_summary": {
      "value": {
        "environment": "default",
        "resources_per_server": {
          "cpu": 1,
          "memory": "1GB",
          "storage": "10GB"
        },
        "total_resources": {
          "total_cpu": 1,
          "total_memory": "1x1GB",
          "total_storage": "1x10GB"
        },
        "total_servers": 1
      },
      "type": [
        "object",
        {
          "environment": "string",
          "resources_per_server": [
            "object",
            {
              "cpu": "number",
              "memory": "string",
              "storage": "string"
            }
          ],
          "total_resources": [
            "object",
            {
              "total_cpu": "number",
              "total_memory": "string",
              "total_storage": "string"
            }
          ],
          "total_servers": "number"
        }
      ]
    },
    "next_steps": {
      "value": [
        "1. Revisa el archivo: mi-aplicacion-default-RESUMEN.md",
        "2. Compara con otros workspaces usando: terraform workspace list",
        "3. Cambia de workspace con: terraform workspace select [nombre]",
        "4. Observa cómo cambian los recursos entre entornos"
      ],
      "type": [
        "tuple",
        [
          "string",
          "string",
          "string",
          "string"
        ]
      ]
    },
    "workspace_info": {
      "value": {
        "backup_enabled": false,
        "current_workspace": "default",
        "description": "Entorno de desarrollo",
        "instance_size": "small",
        "monitoring": false,
        "server_count": 1
      },
      "type": [
        "object",
        {
          "backup_enabled": "bool",
          "current_workspace": "string",
          "description": "string",
          "instance_size": "string",
          "monitoring": "bool",
          "server_count": "number"
        }
      ]
    }
  },
  "resources": [
    {
      "mode": "managed",
      "type": "local_file",
      "name": "environment_config",
      "provider": "provider[\"registry.terraform.io/hashicorp/local\"]",
      "instances": [
        {
          "schema_version": 0,
          "attributes": {
            "content": "{\"environment\":{\"created_at\":\"2025-07-16T15:24:47Z\",\"description\":\"Entorno de desarrollo\",\"name\":\"default\",\"workspace\":\"default\"},\"features\":{\"backup_enabled\":false,\"debug_mode\":true,\"monitoring\":false,\"ssl_enabled\":false},\"infrastructure\":{\"cpu\":1,\"instance_count\":1,\"instance_size\":\"small\",\"memory\":\"1GB\",\"storage\":\"10GB\"},\"metadata\":{\"CreatedAt\":\"2025-07-16T15:24:47Z\",\"Environment\":\"default\",\"ManagedBy\":\"terraform\",\"Project\":\"mi-aplicacion\",\"Workspace\":\"default\"}}",
            "content_base64": null,
            "content_base64sha256": "a8MEFZhggPn9f7rQ0Y52GpnUT7ubFPJOkPaLnJkJBqM=",
            "content_base64sha512": "Vo1Trh5ZKEP24I6AmYaq+i4ezV7CiyMcYiB52zXUFcIBQ7gLQUcLZW088iq31JKYPYjkd6vAEONspkVz6tZoCA==",
            "content_md5": "642d0adb67469db456d3efc36def69ca",
            "content_sha1": "8474948412ef14777428e3c2ae086a973410e15b",
            "content_sha256": "6bc30415986080f9fd7fbad0d18e761a99d44fbb9b14f24e90f68b9c990906a3",
            "content_sha512": "568d53ae1e592843f6e08e809986aafa2e1ecd5ec28b231c622079db35d415c20143b80b41470b656d3cf22ab7d492983d88e477abc010e36ca64573ead66808",
            "directory_permission": "0777",
            "file_permission": "0777",
            "filename": "mi-aplicacion-default-config.json",
            "id": "8474948412ef14777428e3c2ae086a973410e15b",
            "sensitive_content": null,
            "source": null
          },
          "sensitive_attributes": [
            [
              {
                "type": "get_attr",
                "value": "sensitive_content"
              }
            ]
          ],
          "identity_schema_version": 0
        }
      ]
    },
    {
      "mode": "managed",
      "type": "local_file",
      "name": "environment_summary",
      "provider": "provider[\"registry.terraform.io/hashicorp/local\"]",
      "instances": [
        {
          "schema_version": 0,
          "attributes": {
            "content": "# 📊 Resumen del Entorno: default\n\n**Proyecto:** mi-aplicacion  \n**Entorno:** default  \n**Descripción:** Entorno de desarrollo  \n**Creado:** 2025-07-16T15:24:47Z\n\n---\n\n## 🖥️ Infraestructura Desplegada\n\n### Servidores\n- **Cantidad:** 1 servidor\n- **Tamaño:** small\n\n### Recursos por Servidor\n- **CPU:** 1 core\n- **Memoria:** 1GB\n- **Almacenamiento:** 10GB\n\n### Recursos Totales\n- **CPU Total:** 1 cores\n- **Memoria Total:** 1x1GB\n- **Storage Total:** 1x10GB\n\n---\n\n## ⚙️ Configuración del Entorno\n\n### Características Habilitadas\n- **Monitoreo:** ❌ Deshabilitado\n- **Backup:** ❌ Deshabilitado\n- **SSL:** ❌ Deshabilitado\n- **Debug Mode:** ✅ Habilitado\n\n### Configuración Específica\n- **Nivel de Alerta:** Info\n- **Sin backup automático**\n- **Nivel de Log:** DEBUG\n- **Timeout de Sesión:** 15 minutos\n- **Conexiones Máximas:** 100\n\n---\n\n## 📁 Archivos Generados\n\nEste workspace ha generado los siguientes archivos:\n\n### Configuración Principal\n- `mi-aplicacion-default-config.json` - Configuración general\n- `mi-aplicacion-default-RESUMEN.md` - Este archivo\n\n### Servidores\n- `mi-aplicacion-default-server-1.conf` - Servidor 1\n\n### Servicios Adicionales\n\n---\n\n## 🎯 Comparación entre Entornos\n\n| Característica | Development | Staging | Production |\n|---------------|-------------|---------|------------|\n| Servidores | 1 small | 2 medium | 3 large |\n| CPU | 1 core | 2 cores | 4 cores |\n| Memoria | 1GB | 4GB | 8GB |\n| Monitoreo | ❌ | ✅ | ✅ |\n| Backup | ❌ | ✅ | ✅ |\n| SSL | ❌ | ❌ | ✅ |\n| Debug | ✅ | ❌ | ❌ |\n\n---\n\n## 🚀 Comandos Útiles\n\n### Gestión de Workspaces\n```bash\n# Ver workspace actual\nterraform workspace show\n\n# Listar workspaces\nterraform workspace list\n\n# Crear nuevo workspace\nterraform workspace new [nombre]\n\n# Cambiar workspace\nterraform workspace select [nombre]\n\n# Ver estado del workspace actual\nterraform show\n```\n\n### Comparar Entornos\n```bash\n# Ver desarrollo\nterraform workspace select default \u0026\u0026 terraform show\n\n# Ver staging\nterraform workspace select staging \u0026\u0026 terraform show\n\n# Ver producción  \nterraform workspace select prod \u0026\u0026 terraform show\n```\n\n---\n\n## 💡 Próximos Pasos\n\n1. **Experimenta:** Cambia entre workspaces y observa las diferencias\n2. **Compara:** Revisa los archivos generados en cada entorno\n3. **Modifica:** Ajusta las variables y ve cómo afecta cada workspace\n4. **Escala:** Añade nuevos entornos o configuraciones\n\n---\n\n*Workspace: **default** | Generado por Terraform el 2025-07-16T15:24:47Z*",
            "content_base64": null,
            "content_base64sha256": "LSkN4MxrXS/dJL8NP8YcwnNCKAxG0CeEtQkKhjhUwCU=",
            "content_base64sha512": "8CFIsEn4YY65nToPzL6pOniuivJ4kQMNTfz981Y4ro9bQt5w+CVyQB2wZtSoNDFgRRKnP4jVwAEEbicklxsbeg==",
            "content_md5": "ee2a8c63315370c502d2394dd07afc23",
            "content_sha1": "2586044c616766ac0e6a6e70a15eee31f33b3c2d",
            "content_sha256": "2d290de0cc6b5d2fdd24bf0d3fc61cc27342280c46d02784b5090a863854c025",
            "content_sha512": "f02148b049f8618eb99d3a0fccbea93a78ae8af27891030d4dfcfdf35638ae8f5b42de70f82572401db066d4a83431604512a73f88d5c001046e2724971b1b7a",
            "directory_permission": "0777",
            "file_permission": "0777",
            "filename": "mi-aplicacion-default-RESUMEN.md",
            "id": "2586044c616766ac0e6a6e70a15eee31f33b3c2d",
            "sensitive_content": null,
            "source": null
          },
          "sensitive_attributes": [
            [
              {
                "type": "get_attr",
                "value": "sensitive_content"
              }
            ]
          ],
          "identity_schema_version": 0
        }
      ]
    },
    {
      "mode": "managed",
      "type": "local_file",
      "name": "servers",
      "provider": "provider[\"registry.terraform.io/hashicorp/local\"]",
      "instances": [
        {
          "index_key": 0,
          "schema_version": 0,
          "attributes": {
            "content": "# Configuración del Servidor: mi-aplicacion-default-server-1\n## Generado automáticamente por Terraform\n\n[server]\nid=1\nname=mi-aplicacion-default-server-1\nenvironment=default\nproject=mi-aplicacion\n\n[resources]\ncpu=1\nmemory=1GB\nstorage=10GB\n\n[features]\nmonitoring=disabled\nbackup=disabled\nssl=disabled\ndebug=enabled\nlog_level=DEBUG\n\n[environment_specific]\ndescription=Entorno de desarrollo\nmax_connections=100\ncache_size=128MB\nsession_timeout=900\n\n[metadata]\ncreated_by=terraform\nworkspace=default\nserver_number=1",
            "content_base64": null,
            "content_base64sha256": "NGaWr9sJLEYcMz1onQE6k7ysWALAd1FYKAdXW1BaWsE=",
            "content_base64sha512": "jzaXbz0OxXLvkhreC3pMA/vzc6AqLyhec0PTcaufeXMeEtom5pGjI2cXnTeYpTUnOF4yBlu8AbAk/nBvR7XTOw==",
            "content_md5": "ff22130829ea62c2da488bc016a90927",
            "content_sha1": "05a343201ea99aeec0d78dbbddd74a7c7cbd127f",
            "content_sha256": "346696afdb092c461c333d689d013a93bcac5802c07751582807575b505a5ac1",
            "content_sha512": "8f36976f3d0ec572ef921ade0b7a4c03fbf373a02a2f285e7343d371ab9f79731e12da26e691a32367179d3798a53527385e32065bbc01b024fe706f47b5d33b",
            "directory_permission": "0777",
            "file_permission": "0777",
            "filename": "mi-aplicacion-default-server-1.conf",
            "id": "05a343201ea99aeec0d78dbbddd74a7c7cbd127f",
            "sensitive_content": null,
            "source": null
          },
          "sensitive_attributes": [
            [
              {
                "type": "get_attr",
                "value": "sensitive_content"
              }
            ]
          ],
          "identity_schema_version": 0
        }
      ]
    }
  ],
  "check_results": [
    {
      "object_kind": "var",
      "config_addr": "var.project_name",
      "status": "pass",
      "objects": [
        {
          "object_addr": "var.project_name",
          "status": "pass"
        }
      ]
    }
  ]
}
