{
  "version": 4,
  "terraform_version": "1.12.2",
  "serial": 8,
  "lineage": "913bdb30-ecac-8e86-1430-419468d3d31d",
  "outputs": {},
  "resources": [
    {
      "mode": "managed",
      "type": "local_file",
      "name": "mi_primer_archivo",
      "provider": "provider[\"registry.terraform.io/hashicorp/local\"]",
      "instances": [
        {
          "schema_version": 0,
          "attributes": {
            "content": "¡Hola! Este archivo fue creado por Terraform",
            "content_base64": null,
            "content_base64sha256": "VgibyNZoCK6IjsX1P3pYfLj+oImLpwQLLZVpIpGKvHs=",
            "content_base64sha512": "SrsxYfO+AKfEJNleRxMJ79Uo4sQB1ZAQ3sjKgBrXi8HhGE6aQDFM14swF/zjrX4h03hXzcPk88yvtfAjK8W0YQ==",
            "content_md5": "869748e61742af225fdf436cb7ee0f7c",
            "content_sha1": "b524032ef8749893eaaaa35248bf19f5bdef0369",
            "content_sha256": "56089bc8d66808ae888ec5f53f7a587cb8fea0898ba7040b2d956922918abc7b",
            "content_sha512": "4abb3161f3be00a7c424d95e471309efd528e2c401d59010dec8ca801ad78bc1e1184e9a40314cd78b3017fce3ad7e21d37857cdc3e4f3ccafb5f0232bc5b461",
            "directory_permission": "0777",
            "file_permission": "0777",
            "filename": "hola-terraform.txt",
            "id": "b524032ef8749893eaaaa35248bf19f5bdef0369",
            "sensitive_content": null,
            "source": null
          },
          "sensitive_attributes": [
            [
              {
                "type": "get_attr",
                "value": "sensitive_content"
              }
            ]
          ],
          "identity_schema_version": 0
        }
      ]
    }
  ],
  "check_results": null
}
